
Microsoft Visual Studio Solution File, Format Version 12.00
# Visual Studio 14
VisualStudioVersion = 14.0.23107.0
MinimumVisualStudioVersion = 10.0.40219.1
Project("{FAE04EC0-301F-11D3-BF4B-00C04F79EFBC}") = "Jeremy Burke CST465 Project", "Jeremy Burke CST465 Project\Jeremy Burke CST465 Project.csproj", "{EAF72680-8671-4497-A72D-C72669A1957E}"
EndProject
Global
	GlobalSection(SolutionConfigurationPlatforms) = preSolution
		Debug|Any CPU = Debug|Any CPU
		Release|Any CPU = Release|Any CPU
	EndGlobalSection
	GlobalSection(ProjectConfigurationPlatforms) = postSolution
		{EAF72680-8671-4497-A72D-C72669A1957E}.Debug|Any CPU.ActiveCfg = Debug|Any CPU
		{EAF72680-8671-4497-A72D-C72669A1957E}.Debug|Any CPU.Build.0 = Debug|Any CPU
		{EAF72680-8671-4497-A72D-C72669A1957E}.Release|Any CPU.ActiveCfg = Release|Any CPU
		{EAF72680-8671-4497-A72D-C72669A1957E}.Release|Any CPU.Build.0 = Release|Any CPU
	EndGlobalSection
	GlobalSection(SolutionProperties) = preSolution
		HideSolutionNode = FALSE
	EndGlobalSection
EndGlobal
